
Microsoft Visual Studio Solution File, Format Version 12.00
# Visual Studio Version 17
VisualStudioVersion = 17.4.33213.308
MinimumVisualStudioVersion = 10.0.40219.1
Project("{FAE04EC0-301F-11D3-BF4B-00C04F79EFBC}") = "Razor", "Razor\Razor.csproj", "{4C10B4C7-3ADF-4485-A557-837D450AA29E}"
EndProject
Global
	GlobalSection(SolutionConfigurationPlatforms) = preSolution
		Debug|Any CPU = Debug|Any CPU
		Release|Any CPU = Release|Any CPU
	EndGlobalSection
	GlobalSection(ProjectConfigurationPlatforms) = postSolution
		{4C10B4C7-3ADF-4485-A557-837D450AA29E}.Debug|Any CPU.ActiveCfg = Debug|Any CPU
		{4C10B4C7-3ADF-4485-A557-837D450AA29E}.Debug|Any CPU.Build.0 = Debug|Any CPU
		{4C10B4C7-3ADF-4485-A557-837D450AA29E}.Release|Any CPU.ActiveCfg = Release|Any CPU
		{4C10B4C7-3ADF-4485-A557-837D450AA29E}.Release|Any CPU.Build.0 = Release|Any CPU
	EndGlobalSection
	GlobalSection(SolutionProperties) = preSolution
		HideSolutionNode = FALSE
	EndGlobalSection
	GlobalSection(ExtensibilityGlobals) = postSolution
		SolutionGuid = {2571D0C0-0C4F-4AA0-B95D-528F30C46E86}
	EndGlobalSection
EndGlobal
